// !$*UTF8*$!
{
	archiveVersion = 1;
	classes = {
	};
	objectVersion = 56;
	objects = {

/* Begin PBXBuildFile section */
		02600CF02B2BFD04008ECA59 /* ChecklistsApp.swift in Sources */ = {isa = PBXBuildFile; fileRef = 02600CEF2B2BFD04008ECA59 /* ChecklistsApp.swift */; };
		02600CF22B2BFD04008ECA59 /* ContentView.swift in Sources */ = {isa = PBXBuildFile; fileRef = 02600CF12B2BFD04008ECA59 /* ContentView.swift */; };
		02600CF42B2BFD05008ECA59 /* Assets.xcassets in Resources */ = {isa = PBXBuildFile; fileRef = 02600CF32B2BFD05008ECA59 /* Assets.xcassets */; };
		02600CF72B2BFD05008ECA59 /* Preview Assets.xcassets in Resources */ = {isa = PBXBuildFile; fileRef = 02600CF62B2BFD05008ECA59 /* Preview Assets.xcassets */; };
		02600D002B2BFDB8008ECA59 /* checklistData.json in Resources */ = {isa = PBXBuildFile; fileRef = 02600CFF2B2BFDB8008ECA59 /* checklistData.json */; };
		0288DD5D2B2C26190012C4B4 /* ChecklistData.swift in Sources */ = {isa = PBXBuildFile; fileRef = 0288DD5C2B2C26190012C4B4 /* ChecklistData.swift */; };
		0288DD5F2B2C26740012C4B4 /* Checklist.swift in Sources */ = {isa = PBXBuildFile; fileRef = 0288DD5E2B2C26740012C4B4 /* Checklist.swift */; };
		0288DD612B2C28BA0012C4B4 /* ChecklistEntry.swift in Sources */ = {isa = PBXBuildFile; fileRef = 0288DD602B2C28BA0012C4B4 /* ChecklistEntry.swift */; };
		02FA9B952B2D3EA700BBE29B /* checklistDataTest.json in Resources */ = {isa = PBXBuildFile; fileRef = 02FA9B942B2D3EA700BBE29B /* checklistDataTest.json */; };
/* End PBXBuildFile section */

/* Begin PBXFileReference section */
		02600CEC2B2BFD04008ECA59 /* Checklists.app */ = {isa = PBXFileReference; explicitFileType = wrapper.application; includeInIndex = 0; path = Checklists.app; sourceTree = BUILT_PRODUCTS_DIR; };
		02600CEF2B2BFD04008ECA59 /* ChecklistsApp.swift */ = {isa = PBXFileReference; lastKnownFileType = sourcecode.swift; path = ChecklistsApp.swift; sourceTree = "<group>"; };
		02600CF12B2BFD04008ECA59 /* ContentView.swift */ = {isa = PBXFileReference; lastKnownFileType = sourcecode.swift; path = ContentView.swift; sourceTree = "<group>"; };
		02600CF32B2BFD05008ECA59 /* Assets.xcassets */ = {isa = PBXFileReference; lastKnownFileType = folder.assetcatalog; path = Assets.xcassets; sourceTree = "<group>"; };
		02600CF62B2BFD05008ECA59 /* Preview Assets.xcassets */ = {isa = PBXFileReference; lastKnownFileType = folder.assetcatalog; path = "Preview Assets.xcassets"; sourceTree = "<group>"; };
		02600CFF2B2BFDB8008ECA59 /* checklistData.json */ = {isa = PBXFileReference; fileEncoding = 4; lastKnownFileType = text.json; path = checklistData.json; sourceTree = "<group>"; };
		0288DD5C2B2C26190012C4B4 /* ChecklistData.swift */ = {isa = PBXFileReference; lastKnownFileType = sourcecode.swift; path = ChecklistData.swift; sourceTree = "<group>"; };
		0288DD5E2B2C26740012C4B4 /* Checklist.swift */ = {isa = PBXFileReference; lastKnownFileType = sourcecode.swift; path = Checklist.swift; sourceTree = "<group>"; };
		0288DD602B2C28BA0012C4B4 /* ChecklistEntry.swift */ = {isa = PBXFileReference; lastKnownFileType = sourcecode.swift; path = ChecklistEntry.swift; sourceTree = "<group>"; };
		02FA9B942B2D3EA700BBE29B /* checklistDataTest.json */ = {isa = PBXFileReference; fileEncoding = 4; lastKnownFileType = text.json; path = checklistDataTest.json; sourceTree = "<group>"; };
/* End PBXFileReference section */

/* Begin PBXFrameworksBuildPhase section */
		02600CE92B2BFD04008ECA59 /* Frameworks */ = {
			isa = PBXFrameworksBuildPhase;
			buildActionMask = 2147483647;
			files = (
			);
			runOnlyForDeploymentPostprocessing = 0;
		};
/* End PBXFrameworksBuildPhase section */

/* Begin PBXGroup section */
		02600CE32B2BFD04008ECA59 = {
			isa = PBXGroup;
			children = (
				02600CEE2B2BFD04008ECA59 /* Checklists */,
				02600CED2B2BFD04008ECA59 /* Products */,
			);
			sourceTree = "<group>";
		};
		02600CED2B2BFD04008ECA59 /* Products */ = {
			isa = PBXGroup;
			children = (
				02600CEC2B2BFD04008ECA59 /* Checklists.app */,
			);
			name = Products;
			sourceTree = "<group>";
		};
		02600CEE2B2BFD04008ECA59 /* Checklists */ = {
			isa = PBXGroup;
			children = (
				02600CEF2B2BFD04008ECA59 /* ChecklistsApp.swift */,
				0288DD632B2C2B150012C4B4 /* Views */,
				0288DD622B2C2A160012C4B4 /* Model */,
				02600D012B2BFDC8008ECA59 /* Resources */,
				02600CF32B2BFD05008ECA59 /* Assets.xcassets */,
				02600CF52B2BFD05008ECA59 /* Preview Content */,
			);
			path = Checklists;
			sourceTree = "<group>";
		};
		02600CF52B2BFD05008ECA59 /* Preview Content */ = {
			isa = PBXGroup;
			children = (
				02600CF62B2BFD05008ECA59 /* Preview Assets.xcassets */,
			);
			path = "Preview Content";
			sourceTree = "<group>";
		};
		02600D012B2BFDC8008ECA59 /* Resources */ = {
			isa = PBXGroup;
			children = (
				02FA9B942B2D3EA700BBE29B /* checklistDataTest.json */,
				02600CFF2B2BFDB8008ECA59 /* checklistData.json */,
			);
			path = Resources;
			sourceTree = "<group>";
		};
		0288DD622B2C2A160012C4B4 /* Model */ = {
			isa = PBXGroup;
			children = (
				0288DD5C2B2C26190012C4B4 /* ChecklistData.swift */,
				0288DD5E2B2C26740012C4B4 /* Checklist.swift */,
				0288DD602B2C28BA0012C4B4 /* ChecklistEntry.swift */,
			);
			path = Model;
			sourceTree = "<group>";
		};
		0288DD632B2C2B150012C4B4 /* Views */ = {
			isa = PBXGroup;
			children = (
				02600CF12B2BFD04008ECA59 /* ContentView.swift */,
			);
			path = Views;
			sourceTree = "<group>";
		};
/* End PBXGroup section */

/* Begin PBXNativeTarget section */
		02600CEB2B2BFD04008ECA59 /* Checklists */ = {
			isa = PBXNativeTarget;
			buildConfigurationList = 02600CFA2B2BFD05008ECA59 /* Build configuration list for PBXNativeTarget "Checklists" */;
			buildPhases = (
				02600CE82B2BFD04008ECA59 /* Sources */,
				02600CE92B2BFD04008ECA59 /* Frameworks */,
				02600CEA2B2BFD04008ECA59 /* Resources */,
			);
			buildRules = (
			);
			dependencies = (
			);
			name = Checklists;
			productName = Checklists;
			productReference = 02600CEC2B2BFD04008ECA59 /* Checklists.app */;
			productType = "com.apple.product-type.application";
		};
/* End PBXNativeTarget section */

/* Begin PBXProject section */
		02600CE42B2BFD04008ECA59 /* Project object */ = {
			isa = PBXProject;
			attributes = {
				BuildIndependentTargetsInParallel = 1;
				LastSwiftUpdateCheck = 1510;
				LastUpgradeCheck = 1510;
				TargetAttributes = {
					02600CEB2B2BFD04008ECA59 = {
						CreatedOnToolsVersion = 15.1;
					};
				};
			};
			buildConfigurationList = 02600CE72B2BFD04008ECA59 /* Build configuration list for PBXProject "Checklists" */;
			compatibilityVersion = "Xcode 14.0";
			developmentRegion = en;
			hasScannedForEncodings = 0;
			knownRegions = (
				en,
				Base,
			);
			mainGroup = 02600CE32B2BFD04008ECA59;
			productRefGroup = 02600CED2B2BFD04008ECA59 /* Products */;
			projectDirPath = "";
			projectRoot = "";
			targets = (
				02600CEB2B2BFD04008ECA59 /* Checklists */,
			);
		};
/* End PBXProject section */

/* Begin PBXResourcesBuildPhase section */
		02600CEA2B2BFD04008ECA59 /* Resources */ = {
			isa = PBXResourcesBuildPhase;
			buildActionMask = 2147483647;
			files = (
				02600CF72B2BFD05008ECA59 /* Preview Assets.xcassets in Resources */,
				02600D002B2BFDB8008ECA59 /* checklistData.json in Resources */,
				02FA9B952B2D3EA700BBE29B /* checklistDataTest.json in Resources */,
				02600CF42B2BFD05008ECA59 /* Assets.xcassets in Resources */,
			);
			runOnlyForDeploymentPostprocessing = 0;
		};
/* End PBXResourcesBuildPhase section */

/* Begin PBXSourcesBuildPhase section */
		02600CE82B2BFD04008ECA59 /* Sources */ = {
			isa = PBXSourcesBuildPhase;
			buildActionMask = 2147483647;
			files = (
				02600CF22B2BFD04008ECA59 /* ContentView.swift in Sources */,
				02600CF02B2BFD04008ECA59 /* ChecklistsApp.swift in Sources */,
				0288DD5F2B2C26740012C4B4 /* Checklist.swift in Sources */,
				0288DD612B2C28BA0012C4B4 /* ChecklistEntry.swift in Sources */,
				0288DD5D2B2C26190012C4B4 /* ChecklistData.swift in Sources */,
			);
			runOnlyForDeploymentPostprocessing = 0;
		};
/* End PBXSourcesBuildPhase section */

/* Begin XCBuildConfiguration section */
		02600CF82B2BFD05008ECA59 /* Debug */ = {
			isa = XCBuildConfiguration;
			buildSettings = {
				ALWAYS_SEARCH_USER_PATHS = NO;
				ASSETCATALOG_COMPILER_GENERATE_SWIFT_ASSET_SYMBOL_EXTENSIONS = YES;
				CLANG_ANALYZER_NONNULL = YES;
				CLANG_ANALYZER_NUMBER_OBJECT_CONVERSION = YES_AGGRESSIVE;
				CLANG_CXX_LANGUAGE_STANDARD = "gnu++20";
				CLANG_ENABLE_MODULES = YES;
				CLANG_ENABLE_OBJC_ARC = YES;
				CLANG_ENABLE_OBJC_WEAK = YES;
				CLANG_WARN_BLOCK_CAPTURE_AUTORELEASING = YES;
				CLANG_WARN_BOOL_CONVERSION = YES;
				CLANG_WARN_COMMA = YES;
				CLANG_WARN_CONSTANT_CONVERSION = YES;
				CLANG_WARN_DEPRECATED_OBJC_IMPLEMENTATIONS = YES;
				CLANG_WARN_DIRECT_OBJC_ISA_USAGE = YES_ERROR;
				CLANG_WARN_DOCUMENTATION_COMMENTS = YES;
				CLANG_WARN_EMPTY_BODY = YES;
				CLANG_WARN_ENUM_CONVERSION = YES;
				CLANG_WARN_INFINITE_RECURSION = YES;
				CLANG_WARN_INT_CONVERSION = YES;
				CLANG_WARN_NON_LITERAL_NULL_CONVERSION = YES;
				CLANG_WARN_OBJC_IMPLICIT_RETAIN_SELF = YES;
				CLANG_WARN_OBJC_LITERAL_CONVERSION = YES;
				CLANG_WARN_OBJC_ROOT_CLASS = YES_ERROR;
				CLANG_WARN_QUOTED_INCLUDE_IN_FRAMEWORK_HEADER = YES;
				CLANG_WARN_RANGE_LOOP_ANALYSIS = YES;
				CLANG_WARN_STRICT_PROTOTYPES = YES;
				CLANG_WARN_SUSPICIOUS_MOVE = YES;
				CLANG_WARN_UNGUARDED_AVAILABILITY = YES_AGGRESSIVE;
				CLANG_WARN_UNREACHABLE_CODE = YES;
				CLANG_WARN__DUPLICATE_METHOD_MATCH = YES;
				COPY_PHASE_STRIP = NO;
				DEBUG_INFORMATION_FORMAT = dwarf;
				ENABLE_STRICT_OBJC_MSGSEND = YES;
				ENABLE_TESTABILITY = YES;
				ENABLE_USER_SCRIPT_SANDBOXING = YES;
				GCC_C_LANGUAGE_STANDARD = gnu17;
				GCC_DYNAMIC_NO_PIC = NO;
				GCC_NO_COMMON_BLOCKS = YES;
				GCC_OPTIMIZATION_LEVEL = 0;
				GCC_PREPROCESSOR_DEFINITIONS = (
					"DEBUG=1",
					"$(inherited)",
				);
				GCC_WARN_64_TO_32_BIT_CONVERSION = YES;
				GCC_WARN_ABOUT_RETURN_TYPE = YES_ERROR;
				GCC_WARN_UNDECLARED_SELECTOR = YES;
				GCC_WARN_UNINITIALIZED_AUTOS = YES_AGGRESSIVE;
				GCC_WARN_UNUSED_FUNCTION = YES;
				GCC_WARN_UNUSED_VARIABLE = YES;
				IPHONEOS_DEPLOYMENT_TARGET = 17.2;
				LOCALIZATION_PREFERS_STRING_CATALOGS = YES;
				MTL_ENABLE_DEBUG_INFO = INCLUDE_SOURCE;
				MTL_FAST_MATH = YES;
				ONLY_ACTIVE_ARCH = YES;
				SDKROOT = iphoneos;
				SWIFT_ACTIVE_COMPILATION_CONDITIONS = "DEBUG $(inherited)";
				SWIFT_OPTIMIZATION_LEVEL = "-Onone";
			};
			name = Debug;
		};
		02600CF92B2BFD05008ECA59 /* Release */ = {
			isa = XCBuildConfiguration;
			buildSettings = {
				ALWAYS_SEARCH_USER_PATHS = NO;
				ASSETCATALOG_COMPILER_GENERATE_SWIFT_ASSET_SYMBOL_EXTENSIONS = YES;
				CLANG_ANALYZER_NONNULL = YES;
				CLANG_ANALYZER_NUMBER_OBJECT_CONVERSION = YES_AGGRESSIVE;
				CLANG_CXX_LANGUAGE_STANDARD = "gnu++20";
				CLANG_ENABLE_MODULES = YES;
				CLANG_ENABLE_OBJC_ARC = YES;
				CLANG_ENABLE_OBJC_WEAK = YES;
				CLANG_WARN_BLOCK_CAPTURE_AUTORELEASING = YES;
				CLANG_WARN_BOOL_CONVERSION = YES;
				CLANG_WARN_COMMA = YES;
				CLANG_WARN_CONSTANT_CONVERSION = YES;
				CLANG_WARN_DEPRECATED_OBJC_IMPLEMENTATIONS = YES;
				CLANG_WARN_DIRECT_OBJC_ISA_USAGE = YES_ERROR;
				CLANG_WARN_DOCUMENTATION_COMMENTS = YES;
				CLANG_WARN_EMPTY_BODY = YES;
				CLANG_WARN_ENUM_CONVERSION = YES;
				CLANG_WARN_INFINITE_RECURSION = YES;
				CLANG_WARN_INT_CONVERSION = YES;
				CLANG_WARN_NON_LITERAL_NULL_CONVERSION = YES;
				CLANG_WARN_OBJC_IMPLICIT_RETAIN_SELF = YES;
				CLANG_WARN_OBJC_LITERAL_CONVERSION = YES;
				CLANG_WARN_OBJC_ROOT_CLASS = YES_ERROR;
				CLANG_WARN_QUOTED_INCLUDE_IN_FRAMEWORK_HEADER = YES;
				CLANG_WARN_RANGE_LOOP_ANALYSIS = YES;
				CLANG_WARN_STRICT_PROTOTYPES = YES;
				CLANG_WARN_SUSPICIOUS_MOVE = YES;
				CLANG_WARN_UNGUARDED_AVAILABILITY = YES_AGGRESSIVE;
				CLANG_WARN_UNREACHABLE_CODE = YES;
				CLANG_WARN__DUPLICATE_METHOD_MATCH = YES;
				COPY_PHASE_STRIP = NO;
				DEBUG_INFORMATION_FORMAT = "dwarf-with-dsym";
				ENABLE_NS_ASSERTIONS = NO;
				ENABLE_STRICT_OBJC_MSGSEND = YES;
				ENABLE_USER_SCRIPT_SANDBOXING = YES;
				GCC_C_LANGUAGE_STANDARD = gnu17;
				GCC_NO_COMMON_BLOCKS = YES;
				GCC_WARN_64_TO_32_BIT_CONVERSION = YES;
				GCC_WARN_ABOUT_RETURN_TYPE = YES_ERROR;
				GCC_WARN_UNDECLARED_SELECTOR = YES;
				GCC_WARN_UNINITIALIZED_AUTOS = YES_AGGRESSIVE;
				GCC_WARN_UNUSED_FUNCTION = YES;
				GCC_WARN_UNUSED_VARIABLE = YES;
				IPHONEOS_DEPLOYMENT_TARGET = 17.2;
				LOCALIZATION_PREFERS_STRING_CATALOGS = YES;
				MTL_ENABLE_DEBUG_INFO = NO;
				MTL_FAST_MATH = YES;
				SDKROOT = iphoneos;
				SWIFT_COMPILATION_MODE = wholemodule;
				VALIDATE_PRODUCT = YES;
			};
			name = Release;
		};
		02600CFB2B2BFD05008ECA59 /* Debug */ = {
			isa = XCBuildConfiguration;
			buildSettings = {
				ASSETCATALOG_COMPILER_APPICON_NAME = AppIcon;
				ASSETCATALOG_COMPILER_GLOBAL_ACCENT_COLOR_NAME = AccentColor;
				CODE_SIGN_STYLE = Automatic;
				CURRENT_PROJECT_VERSION = 1;
				DEVELOPMENT_ASSET_PATHS = "\"Checklists/Preview Content\"";
				DEVELOPMENT_TEAM = 9J639PKZK3;
				ENABLE_PREVIEWS = YES;
				GENERATE_INFOPLIST_FILE = YES;
				INFOPLIST_KEY_UIApplicationSceneManifest_Generation = YES;
				INFOPLIST_KEY_UIApplicationSupportsIndirectInputEvents = YES;
				INFOPLIST_KEY_UILaunchScreen_Generation = YES;
				INFOPLIST_KEY_UISupportedInterfaceOrientations_iPad = "UIInterfaceOrientationPortrait UIInterfaceOrientationPortraitUpsideDown UIInterfaceOrientationLandscapeLeft UIInterfaceOrientationLandscapeRight";
				INFOPLIST_KEY_UISupportedInterfaceOrientations_iPhone = "UIInterfaceOrientationPortrait UIInterfaceOrientationLandscapeLeft UIInterfaceOrientationLandscapeRight";
				LD_RUNPATH_SEARCH_PATHS = (
					"$(inherited)",
					"@executable_path/Frameworks",
				);
				MARKETING_VERSION = 1.0;
				PRODUCT_BUNDLE_IDENTIFIER = io.gitlab.loganbarnes.Checklists;
				PRODUCT_NAME = "$(TARGET_NAME)";
				SWIFT_EMIT_LOC_STRINGS = YES;
				SWIFT_VERSION = 5.0;
				TARGETED_DEVICE_FAMILY = "1,2";
			};
			name = Debug;
		};
		02600CFC2B2BFD05008ECA59 /* Release */ = {
			isa = XCBuildConfiguration;
			buildSettings = {
				ASSETCATALOG_COMPILER_APPICON_NAME = AppIcon;
				ASSETCATALOG_COMPILER_GLOBAL_ACCENT_COLOR_NAME = AccentColor;
				CODE_SIGN_STYLE = Automatic;
				CURRENT_PROJECT_VERSION = 1;
				DEVELOPMENT_ASSET_PATHS = "\"Checklists/Preview Content\"";
				DEVELOPMENT_TEAM = 9J639PKZK3;
				ENABLE_PREVIEWS = YES;
				GENERATE_INFOPLIST_FILE = YES;
				INFOPLIST_KEY_UIApplicationSceneManifest_Generation = YES;
				INFOPLIST_KEY_UIApplicationSupportsIndirectInputEvents = YES;
				INFOPLIST_KEY_UILaunchScreen_Generation = YES;
				INFOPLIST_KEY_UISupportedInterfaceOrientations_iPad = "UIInterfaceOrientationPortrait UIInterfaceOrientationPortraitUpsideDown UIInterfaceOrientationLandscapeLeft UIInterfaceOrientationLandscapeRight";
				INFOPLIST_KEY_UISupportedInterfaceOrientations_iPhone = "UIInterfaceOrientationPortrait UIInterfaceOrientationLandscapeLeft UIInterfaceOrientationLandscapeRight";
				LD_RUNPATH_SEARCH_PATHS = (
					"$(inherited)",
					"@executable_path/Frameworks",
				);
				MARKETING_VERSION = 1.0;
				PRODUCT_BUNDLE_IDENTIFIER = io.gitlab.loganbarnes.Checklists;
				PRODUCT_NAME = "$(TARGET_NAME)";
				SWIFT_EMIT_LOC_STRINGS = YES;
				SWIFT_VERSION = 5.0;
				TARGETED_DEVICE_FAMILY = "1,2";
			};
			name = Release;
		};
/* End XCBuildConfiguration section */

/* Begin XCConfigurationList section */
		02600CE72B2BFD04008ECA59 /* Build configuration list for PBXProject "Checklists" */ = {
			isa = XCConfigurationList;
			buildConfigurations = (
				02600CF82B2BFD05008ECA59 /* Debug */,
				02600CF92B2BFD05008ECA59 /* Release */,
			);
			defaultConfigurationIsVisible = 0;
			defaultConfigurationName = Release;
		};
		02600CFA2B2BFD05008ECA59 /* Build configuration list for PBXNativeTarget "Checklists" */ = {
			isa = XCConfigurationList;
			buildConfigurations = (
				02600CFB2B2BFD05008ECA59 /* Debug */,
				02600CFC2B2BFD05008ECA59 /* Release */,
			);
			defaultConfigurationIsVisible = 0;
			defaultConfigurationName = Release;
		};
/* End XCConfigurationList section */
	};
	rootObject = 02600CE42B2BFD04008ECA59 /* Project object */;
}
